
Microsoft Visual Studio Solution File, Format Version 12.00
# Visual Studio Version 17
VisualStudioVersion = 17.0.31903.59
MinimumVisualStudioVersion = 10.0.40219.1
Project("{FAE04EC0-301F-11D3-BF4B-00C04F79EFBC}") = "API", "API\API.csproj", "{5FCC6548-5AAE-4E7E-A4A6-024CE326F4C3}"
EndProject
Project("{FAE04EC0-301F-11D3-BF4B-00C04F79EFBC}") = "Application", "Application\Application.csproj", "{5DC14366-B297-40D5-89A0-EBCEC7E9D28A}"
EndProject
Project("{FAE04EC0-301F-11D3-BF4B-00C04F79EFBC}") = "Domain", "Domain\Domain.csproj", "{B3DB0E05-05AA-469D-BCEC-B1D8948AE597}"
EndProject
Project("{FAE04EC0-301F-11D3-BF4B-00C04F79EFBC}") = "Persistence", "Persistence\Persistence.csproj", "{7643FE93-7B66-498E-B908-26045C1B55AB}"
EndProject
Global
	GlobalSection(SolutionConfigurationPlatforms) = preSolution
		Debug|Any CPU = Debug|Any CPU
		Release|Any CPU = Release|Any CPU
	EndGlobalSection
	GlobalSection(SolutionProperties) = preSolution
		HideSolutionNode = FALSE
	EndGlobalSection
	GlobalSection(ProjectConfigurationPlatforms) = postSolution
		{5FCC6548-5AAE-4E7E-A4A6-024CE326F4C3}.Debug|Any CPU.ActiveCfg = Debug|Any CPU
		{5FCC6548-5AAE-4E7E-A4A6-024CE326F4C3}.Debug|Any CPU.Build.0 = Debug|Any CPU
		{5FCC6548-5AAE-4E7E-A4A6-024CE326F4C3}.Release|Any CPU.ActiveCfg = Release|Any CPU
		{5FCC6548-5AAE-4E7E-A4A6-024CE326F4C3}.Release|Any CPU.Build.0 = Release|Any CPU
		{5DC14366-B297-40D5-89A0-EBCEC7E9D28A}.Debug|Any CPU.ActiveCfg = Debug|Any CPU
		{5DC14366-B297-40D5-89A0-EBCEC7E9D28A}.Debug|Any CPU.Build.0 = Debug|Any CPU
		{5DC14366-B297-40D5-89A0-EBCEC7E9D28A}.Release|Any CPU.ActiveCfg = Release|Any CPU
		{5DC14366-B297-40D5-89A0-EBCEC7E9D28A}.Release|Any CPU.Build.0 = Release|Any CPU
		{B3DB0E05-05AA-469D-BCEC-B1D8948AE597}.Debug|Any CPU.ActiveCfg = Debug|Any CPU
		{B3DB0E05-05AA-469D-BCEC-B1D8948AE597}.Debug|Any CPU.Build.0 = Debug|Any CPU
		{B3DB0E05-05AA-469D-BCEC-B1D8948AE597}.Release|Any CPU.ActiveCfg = Release|Any CPU
		{B3DB0E05-05AA-469D-BCEC-B1D8948AE597}.Release|Any CPU.Build.0 = Release|Any CPU
		{7643FE93-7B66-498E-B908-26045C1B55AB}.Debug|Any CPU.ActiveCfg = Debug|Any CPU
		{7643FE93-7B66-498E-B908-26045C1B55AB}.Debug|Any CPU.Build.0 = Debug|Any CPU
		{7643FE93-7B66-498E-B908-26045C1B55AB}.Release|Any CPU.ActiveCfg = Release|Any CPU
		{7643FE93-7B66-498E-B908-26045C1B55AB}.Release|Any CPU.Build.0 = Release|Any CPU
	EndGlobalSection
EndGlobal
